
Microsoft Visual Studio Solution File, Format Version 12.00
# Visual Studio Version 17
VisualStudioVersion = 17.5.33530.505
MinimumVisualStudioVersion = 10.0.40219.1
Project("{FAE04EC0-301F-11D3-BF4B-00C04F79EFBC}") = "WebAppMVC_Sqldemo", "WebAppMVC_Sqldemo\WebAppMVC_Sqldemo.csproj", "{9A424B15-C643-4FF3-AAC9-0565424A8B9E}"
EndProject
Global
	GlobalSection(SolutionConfigurationPlatforms) = preSolution
		Debug|Any CPU = Debug|Any CPU
		Release|Any CPU = Release|Any CPU
	EndGlobalSection
	GlobalSection(ProjectConfigurationPlatforms) = postSolution
		{9A424B15-C643-4FF3-AAC9-0565424A8B9E}.Debug|Any CPU.ActiveCfg = Debug|Any CPU
		{9A424B15-C643-4FF3-AAC9-0565424A8B9E}.Debug|Any CPU.Build.0 = Debug|Any CPU
		{9A424B15-C643-4FF3-AAC9-0565424A8B9E}.Release|Any CPU.ActiveCfg = Release|Any CPU
		{9A424B15-C643-4FF3-AAC9-0565424A8B9E}.Release|Any CPU.Build.0 = Release|Any CPU
	EndGlobalSection
	GlobalSection(SolutionProperties) = preSolution
		HideSolutionNode = FALSE
	EndGlobalSection
	GlobalSection(ExtensibilityGlobals) = postSolution
		SolutionGuid = {3966F257-6DB9-4D03-BADB-079D43BEB98D}
	EndGlobalSection
EndGlobal
